
Microsoft Visual Studio Solution File, Format Version 12.00
# Visual Studio 2013
VisualStudioVersion = 12.0.40629.0
MinimumVisualStudioVersion = 10.0.40219.1
Project("{FAE04EC0-301F-11D3-BF4B-00C04F79EFBC}") = "SiGLDB", "SiGLDB\SiGLDB.csproj", "{BAEBE43E-F56A-4952-B802-35DBC147C395}"
EndProject
Project("{FAE04EC0-301F-11D3-BF4B-00C04F79EFBC}") = "SiGLDB.Test", "STNDB.Test\SiGLDB.Test.csproj", "{5207E77E-33D4-461B-97E2-CFC0DF24BEED}"
EndProject
Project("{FAE04EC0-301F-11D3-BF4B-00C04F79EFBC}") = "SiGLServices", "SiGLServices\SiGLServices.csproj", "{6E450ABC-E101-4F49-B67B-A32E3EFD3E45}"
EndProject
Project("{FAE04EC0-301F-11D3-BF4B-00C04F79EFBC}") = "SiGLServices.Tests", "SiGLServices.Tests\SiGLServices.Tests.csproj", "{C8541F87-4197-443E-A401-64701A812DAE}"
EndProject
Global
	GlobalSection(SolutionConfigurationPlatforms) = preSolution
		Debug|Any CPU = Debug|Any CPU
		Release|Any CPU = Release|Any CPU
	EndGlobalSection
	GlobalSection(ProjectConfigurationPlatforms) = postSolution
		{BAEBE43E-F56A-4952-B802-35DBC147C395}.Debug|Any CPU.ActiveCfg = Debug|Any CPU
		{BAEBE43E-F56A-4952-B802-35DBC147C395}.Debug|Any CPU.Build.0 = Debug|Any CPU
		{BAEBE43E-F56A-4952-B802-35DBC147C395}.Release|Any CPU.ActiveCfg = Release|Any CPU
		{BAEBE43E-F56A-4952-B802-35DBC147C395}.Release|Any CPU.Build.0 = Release|Any CPU
		{5207E77E-33D4-461B-97E2-CFC0DF24BEED}.Debug|Any CPU.ActiveCfg = Debug|Any CPU
		{5207E77E-33D4-461B-97E2-CFC0DF24BEED}.Debug|Any CPU.Build.0 = Debug|Any CPU
		{5207E77E-33D4-461B-97E2-CFC0DF24BEED}.Release|Any CPU.ActiveCfg = Release|Any CPU
		{5207E77E-33D4-461B-97E2-CFC0DF24BEED}.Release|Any CPU.Build.0 = Release|Any CPU
		{6E450ABC-E101-4F49-B67B-A32E3EFD3E45}.Debug|Any CPU.ActiveCfg = Debug|Any CPU
		{6E450ABC-E101-4F49-B67B-A32E3EFD3E45}.Debug|Any CPU.Build.0 = Debug|Any CPU
		{6E450ABC-E101-4F49-B67B-A32E3EFD3E45}.Release|Any CPU.ActiveCfg = Release|Any CPU
		{6E450ABC-E101-4F49-B67B-A32E3EFD3E45}.Release|Any CPU.Build.0 = Release|Any CPU
		{C8541F87-4197-443E-A401-64701A812DAE}.Debug|Any CPU.ActiveCfg = Debug|Any CPU
		{C8541F87-4197-443E-A401-64701A812DAE}.Debug|Any CPU.Build.0 = Debug|Any CPU
		{C8541F87-4197-443E-A401-64701A812DAE}.Release|Any CPU.ActiveCfg = Release|Any CPU
		{C8541F87-4197-443E-A401-64701A812DAE}.Release|Any CPU.Build.0 = Release|Any CPU
	EndGlobalSection
	GlobalSection(SolutionProperties) = preSolution
		HideSolutionNode = FALSE
	EndGlobalSection
EndGlobal
